
Microsoft Visual Studio Solution File, Format Version 12.00
# Visual Studio Version 16
VisualStudioVersion = 16.0.31515.178
MinimumVisualStudioVersion = 10.0.40219.1
Project("{FAE04EC0-301F-11D3-BF4B-00C04F79EFBC}") = "TafeInformationSystem", "TafeInformationSystem.csproj", "{9D4D89A7-C2BA-4E50-8AFD-24B8DFC1B209}"
EndProject
Global
	GlobalSection(SolutionConfigurationPlatforms) = preSolution
		Debug|Any CPU = Debug|Any CPU
		Release|Any CPU = Release|Any CPU
	EndGlobalSection
	GlobalSection(ProjectConfigurationPlatforms) = postSolution
		{9D4D89A7-C2BA-4E50-8AFD-24B8DFC1B209}.Debug|Any CPU.ActiveCfg = Debug|Any CPU
		{9D4D89A7-C2BA-4E50-8AFD-24B8DFC1B209}.Debug|Any CPU.Build.0 = Debug|Any CPU
		{9D4D89A7-C2BA-4E50-8AFD-24B8DFC1B209}.Release|Any CPU.ActiveCfg = Release|Any CPU
		{9D4D89A7-C2BA-4E50-8AFD-24B8DFC1B209}.Release|Any CPU.Build.0 = Release|Any CPU
	EndGlobalSection
	GlobalSection(SolutionProperties) = preSolution
		HideSolutionNode = FALSE
	EndGlobalSection
	GlobalSection(ExtensibilityGlobals) = postSolution
		SolutionGuid = {8D39DFCA-71FB-47CD-8F70-3ECEAE41E6CE}
	EndGlobalSection
EndGlobal
